
Microsoft Visual Studio Solution File, Format Version 12.00
# Visual Studio Version 17
VisualStudioVersion = 17.4.33213.308
MinimumVisualStudioVersion = 10.0.40219.1
Project("{FAE04EC0-301F-11D3-BF4B-00C04F79EFBC}") = "MasterTranslator", "MasterTranslator.csproj", "{720D6165-336F-4C6A-A20E-A7E11DEC0E2F}"
EndProject
Global
	GlobalSection(SolutionConfigurationPlatforms) = preSolution
		Debug|Any CPU = Debug|Any CPU
		Release|Any CPU = Release|Any CPU
	EndGlobalSection
	GlobalSection(ProjectConfigurationPlatforms) = postSolution
		{720D6165-336F-4C6A-A20E-A7E11DEC0E2F}.Debug|Any CPU.ActiveCfg = Debug|Any CPU
		{720D6165-336F-4C6A-A20E-A7E11DEC0E2F}.Debug|Any CPU.Build.0 = Debug|Any CPU
		{720D6165-336F-4C6A-A20E-A7E11DEC0E2F}.Release|Any CPU.ActiveCfg = Release|Any CPU
		{720D6165-336F-4C6A-A20E-A7E11DEC0E2F}.Release|Any CPU.Build.0 = Release|Any CPU
	EndGlobalSection
	GlobalSection(SolutionProperties) = preSolution
		HideSolutionNode = FALSE
	EndGlobalSection
	GlobalSection(ExtensibilityGlobals) = postSolution
		SolutionGuid = {3D25656E-B528-4EEA-826E-661D9B67E08C}
	EndGlobalSection
EndGlobal
