
Microsoft Visual Studio Solution File, Format Version 12.00
# Visual Studio Version 17
VisualStudioVersion = 17.8.34525.116
MinimumVisualStudioVersion = 10.0.40219.1
Project("{FAE04EC0-301F-11D3-BF4B-00C04F79EFBC}") = "ReplaceColorInImage", "ReplaceColorInImage.csproj", "{240C7AF1-0B43-481B-AA9A-9986F106C775}"
EndProject
Global
	GlobalSection(SolutionConfigurationPlatforms) = preSolution
		Debug|Any CPU = Debug|Any CPU
		Release|Any CPU = Release|Any CPU
	EndGlobalSection
	GlobalSection(ProjectConfigurationPlatforms) = postSolution
		{240C7AF1-0B43-481B-AA9A-9986F106C775}.Debug|Any CPU.ActiveCfg = Debug|Any CPU
		{240C7AF1-0B43-481B-AA9A-9986F106C775}.Debug|Any CPU.Build.0 = Debug|Any CPU
		{240C7AF1-0B43-481B-AA9A-9986F106C775}.Release|Any CPU.ActiveCfg = Release|Any CPU
		{240C7AF1-0B43-481B-AA9A-9986F106C775}.Release|Any CPU.Build.0 = Release|Any CPU
	EndGlobalSection
	GlobalSection(SolutionProperties) = preSolution
		HideSolutionNode = FALSE
	EndGlobalSection
	GlobalSection(ExtensibilityGlobals) = postSolution
		SolutionGuid = {4B2C392B-7D31-4DB2-9971-7704D9A3DEB8}
	EndGlobalSection
EndGlobal
