
Microsoft Visual Studio Solution File, Format Version 12.00
# Visual Studio Version 17
VisualStudioVersion = 17.7.34031.279
MinimumVisualStudioVersion = 10.0.40219.1
Project("{FAE04EC0-301F-11D3-BF4B-00C04F79EFBC}") = "DownloadStats", "DownloadStats.csproj", "{619EFF14-D5C9-4429-BD69-82A245D5FE3E}"
EndProject
Global
	GlobalSection(SolutionConfigurationPlatforms) = preSolution
		Debug|Any CPU = Debug|Any CPU
		Release|Any CPU = Release|Any CPU
	EndGlobalSection
	GlobalSection(ProjectConfigurationPlatforms) = postSolution
		{619EFF14-D5C9-4429-BD69-82A245D5FE3E}.Debug|Any CPU.ActiveCfg = Debug|Any CPU
		{619EFF14-D5C9-4429-BD69-82A245D5FE3E}.Debug|Any CPU.Build.0 = Debug|Any CPU
		{619EFF14-D5C9-4429-BD69-82A245D5FE3E}.Release|Any CPU.ActiveCfg = Release|Any CPU
		{619EFF14-D5C9-4429-BD69-82A245D5FE3E}.Release|Any CPU.Build.0 = Release|Any CPU
	EndGlobalSection
	GlobalSection(SolutionProperties) = preSolution
		HideSolutionNode = FALSE
	EndGlobalSection
	GlobalSection(ExtensibilityGlobals) = postSolution
		SolutionGuid = {42AFEC1E-D9AA-4E32-9F48-D810ACF1AD79}
	EndGlobalSection
EndGlobal
